
Microsoft Visual Studio Solution File, Format Version 12.00
Project("{FAE04EC0-301F-11D3-BF4B-00C04F79EFBC}") = "DeepAgentNet", "src\DeepAgentNet\DeepAgentNet.csproj", "{496B53FE-0FA0-4654-8A80-8B532E8DF31F}"
EndProject
Project("{2150E333-8FDC-42A3-9474-1A3956D46DE8}") = "Samples", "Samples", "{ADA181A5-732E-4442-B1FE-6DF2C1D790A6}"
EndProject
Project("{FAE04EC0-301F-11D3-BF4B-00C04F79EFBC}") = "CodingAgentSample", "samples\CodingAgentSample\CodingAgentSample.csproj", "{1156FD21-45D3-4B44-AA43-052F0CE8915D}"
EndProject
Project("{FAE04EC0-301F-11D3-BF4B-00C04F79EFBC}") = "DeepAgentNet.Tools", "src\DeepAgentNet.Tools\DeepAgentNet.Tools.csproj", "{9F9CB4C6-2120-49A3-8A70-275679CE40D0}"
EndProject
Project("{FAE04EC0-301F-11D3-BF4B-00C04F79EFBC}") = "SampleUtilities", "samples\SampleUtilities\SampleUtilities.csproj", "{CDBCEC78-D961-4AEA-9570-92BBD19DBBFA}"
EndProject
Global
	GlobalSection(SolutionConfigurationPlatforms) = preSolution
		Debug|Any CPU = Debug|Any CPU
		Release|Any CPU = Release|Any CPU
	EndGlobalSection
	GlobalSection(ProjectConfigurationPlatforms) = postSolution
		{496B53FE-0FA0-4654-8A80-8B532E8DF31F}.Debug|Any CPU.ActiveCfg = Debug|Any CPU
		{496B53FE-0FA0-4654-8A80-8B532E8DF31F}.Debug|Any CPU.Build.0 = Debug|Any CPU
		{496B53FE-0FA0-4654-8A80-8B532E8DF31F}.Release|Any CPU.ActiveCfg = Release|Any CPU
		{496B53FE-0FA0-4654-8A80-8B532E8DF31F}.Release|Any CPU.Build.0 = Release|Any CPU
		{1156FD21-45D3-4B44-AA43-052F0CE8915D}.Debug|Any CPU.ActiveCfg = Debug|Any CPU
		{1156FD21-45D3-4B44-AA43-052F0CE8915D}.Debug|Any CPU.Build.0 = Debug|Any CPU
		{1156FD21-45D3-4B44-AA43-052F0CE8915D}.Release|Any CPU.ActiveCfg = Release|Any CPU
		{1156FD21-45D3-4B44-AA43-052F0CE8915D}.Release|Any CPU.Build.0 = Release|Any CPU
	EndGlobalSection
	GlobalSection(NestedProjects) = preSolution
		{1156FD21-45D3-4B44-AA43-052F0CE8915D} = {ADA181A5-732E-4442-B1FE-6DF2C1D790A6}
	EndGlobalSection
EndGlobal
